// !$*UTF8*$!
{
	archiveVersion = 1;
	classes = {
	};
	objectVersion = 46;
	objects = {

/* Begin PBXBuildFile section */
		C001F2D81F25F67D0093B7FD /* main.m in Sources */ = {isa = PBXBuildFile; fileRef = C001F2D71F25F67D0093B7FD /* main.m */; };
		C001F2DB1F25F67D0093B7FD /* AppDelegate.m in Sources */ = {isa = PBXBuildFile; fileRef = C001F2DA1F25F67D0093B7FD /* AppDelegate.m */; };
		C001F2DE1F25F67D0093B7FD /* ViewController.m in Sources */ = {isa = PBXBuildFile; fileRef = C001F2DD1F25F67D0093B7FD /* ViewController.m */; };
		C001F2E11F25F67D0093B7FD /* Main.storyboard in Resources */ = {isa = PBXBuildFile; fileRef = C001F2DF1F25F67D0093B7FD /* Main.storyboard */; };
		C001F2E31F25F67D0093B7FD /* Assets.xcassets in Resources */ = {isa = PBXBuildFile; fileRef = C001F2E21F25F67D0093B7FD /* Assets.xcassets */; };
		C001F2E61F25F67D0093B7FD /* LaunchScreen.storyboard in Resources */ = {isa = PBXBuildFile; fileRef = C001F2E41F25F67D0093B7FD /* LaunchScreen.storyboard */; };
		C001F2EF1F2604890093B7FD /* UIScrollView+AssignToWeak.mm in Sources */ = {isa = PBXBuildFile; fileRef = C001F2EE1F2604890093B7FD /* UIScrollView+AssignToWeak.mm */; };
/* End PBXBuildFile section */

/* Begin PBXFileReference section */
		C001F2D31F25F67D0093B7FD /* MCAssignToWeak.app */ = {isa = PBXFileReference; explicitFileType = wrapper.application; includeInIndex = 0; path = MCAssignToWeak.app; sourceTree = BUILT_PRODUCTS_DIR; };
		C001F2D71F25F67D0093B7FD /* main.m */ = {isa = PBXFileReference; lastKnownFileType = sourcecode.c.objc; path = main.m; sourceTree = "<group>"; };
		C001F2D91F25F67D0093B7FD /* AppDelegate.h */ = {isa = PBXFileReference; lastKnownFileType = sourcecode.c.h; path = AppDelegate.h; sourceTree = "<group>"; };
		C001F2DA1F25F67D0093B7FD /* AppDelegate.m */ = {isa = PBXFileReference; lastKnownFileType = sourcecode.c.objc; path = AppDelegate.m; sourceTree = "<group>"; };
		C001F2DC1F25F67D0093B7FD /* ViewController.h */ = {isa = PBXFileReference; lastKnownFileType = sourcecode.c.h; path = ViewController.h; sourceTree = "<group>"; };
		C001F2DD1F25F67D0093B7FD /* ViewController.m */ = {isa = PBXFileReference; lastKnownFileType = sourcecode.c.objc; path = ViewController.m; sourceTree = "<group>"; };
		C001F2E01F25F67D0093B7FD /* Base */ = {isa = PBXFileReference; lastKnownFileType = file.storyboard; name = Base; path = Base.lproj/Main.storyboard; sourceTree = "<group>"; };
		C001F2E21F25F67D0093B7FD /* Assets.xcassets */ = {isa = PBXFileReference; lastKnownFileType = folder.assetcatalog; path = Assets.xcassets; sourceTree = "<group>"; };
		C001F2E51F25F67D0093B7FD /* Base */ = {isa = PBXFileReference; lastKnownFileType = file.storyboard; name = Base; path = Base.lproj/LaunchScreen.storyboard; sourceTree = "<group>"; };
		C001F2E71F25F67D0093B7FD /* Info.plist */ = {isa = PBXFileReference; lastKnownFileType = text.plist.xml; path = Info.plist; sourceTree = "<group>"; };
		C001F2ED1F2604890093B7FD /* UIScrollView+AssignToWeak.h */ = {isa = PBXFileReference; fileEncoding = 4; lastKnownFileType = sourcecode.c.h; path = "UIScrollView+AssignToWeak.h"; sourceTree = "<group>"; };
		C001F2EE1F2604890093B7FD /* UIScrollView+AssignToWeak.mm */ = {isa = PBXFileReference; fileEncoding = 4; lastKnownFileType = sourcecode.cpp.objcpp; path = "UIScrollView+AssignToWeak.mm"; sourceTree = "<group>"; };
/* End PBXFileReference section */

/* Begin PBXFrameworksBuildPhase section */
		C001F2D01F25F67D0093B7FD /* Frameworks */ = {
			isa = PBXFrameworksBuildPhase;
			buildActionMask = 2147483647;
			files = (
			);
			runOnlyForDeploymentPostprocessing = 0;
		};
/* End PBXFrameworksBuildPhase section */

/* Begin PBXGroup section */
		C001F2CA1F25F67D0093B7FD = {
			isa = PBXGroup;
			children = (
				C001F2D51F25F67D0093B7FD /* MCAssignToWeak */,
				C001F2D41F25F67D0093B7FD /* Products */,
			);
			sourceTree = "<group>";
		};
		C001F2D41F25F67D0093B7FD /* Products */ = {
			isa = PBXGroup;
			children = (
				C001F2D31F25F67D0093B7FD /* MCAssignToWeak.app */,
			);
			name = Products;
			sourceTree = "<group>";
		};
		C001F2D51F25F67D0093B7FD /* MCAssignToWeak */ = {
			isa = PBXGroup;
			children = (
				C001F2E21F25F67D0093B7FD /* Assets.xcassets */,
				C001F2D61F25F67D0093B7FD /* Supporting Files */,
				C001F2D91F25F67D0093B7FD /* AppDelegate.h */,
				C001F2DA1F25F67D0093B7FD /* AppDelegate.m */,
				C001F2E71F25F67D0093B7FD /* Info.plist */,
				C001F2E41F25F67D0093B7FD /* LaunchScreen.storyboard */,
				C001F2DF1F25F67D0093B7FD /* Main.storyboard */,
				C001F2ED1F2604890093B7FD /* UIScrollView+AssignToWeak.h */,
				C001F2EE1F2604890093B7FD /* UIScrollView+AssignToWeak.mm */,
				C001F2DC1F25F67D0093B7FD /* ViewController.h */,
				C001F2DD1F25F67D0093B7FD /* ViewController.m */,
			);
			path = MCAssignToWeak;
			sourceTree = "<group>";
		};
		C001F2D61F25F67D0093B7FD /* Supporting Files */ = {
			isa = PBXGroup;
			children = (
				C001F2D71F25F67D0093B7FD /* main.m */,
			);
			name = "Supporting Files";
			sourceTree = "<group>";
		};
/* End PBXGroup section */

/* Begin PBXNativeTarget section */
		C001F2D21F25F67D0093B7FD /* MCAssignToWeak */ = {
			isa = PBXNativeTarget;
			buildConfigurationList = C001F2EA1F25F67D0093B7FD /* Build configuration list for PBXNativeTarget "MCAssignToWeak" */;
			buildPhases = (
				C001F2CF1F25F67D0093B7FD /* Sources */,
				C001F2D01F25F67D0093B7FD /* Frameworks */,
				C001F2D11F25F67D0093B7FD /* Resources */,
			);
			buildRules = (
			);
			dependencies = (
			);
			name = MCAssignToWeak;
			productName = MCAssignToWeak;
			productReference = C001F2D31F25F67D0093B7FD /* MCAssignToWeak.app */;
			productType = "com.apple.product-type.application";
		};
/* End PBXNativeTarget section */

/* Begin PBXProject section */
		C001F2CB1F25F67D0093B7FD /* Project object */ = {
			isa = PBXProject;
			attributes = {
				LastUpgradeCheck = 0830;
				ORGANIZATIONNAME = "木仓科技";
				TargetAttributes = {
					C001F2D21F25F67D0093B7FD = {
						CreatedOnToolsVersion = 8.3.3;
						ProvisioningStyle = Automatic;
					};
				};
			};
			buildConfigurationList = C001F2CE1F25F67D0093B7FD /* Build configuration list for PBXProject "MCAssignToWeak" */;
			compatibilityVersion = "Xcode 3.2";
			developmentRegion = English;
			hasScannedForEncodings = 0;
			knownRegions = (
				en,
				Base,
			);
			mainGroup = C001F2CA1F25F67D0093B7FD;
			productRefGroup = C001F2D41F25F67D0093B7FD /* Products */;
			projectDirPath = "";
			projectRoot = "";
			targets = (
				C001F2D21F25F67D0093B7FD /* MCAssignToWeak */,
			);
		};
/* End PBXProject section */

/* Begin PBXResourcesBuildPhase section */
		C001F2D11F25F67D0093B7FD /* Resources */ = {
			isa = PBXResourcesBuildPhase;
			buildActionMask = 2147483647;
			files = (
				C001F2E61F25F67D0093B7FD /* LaunchScreen.storyboard in Resources */,
				C001F2E31F25F67D0093B7FD /* Assets.xcassets in Resources */,
				C001F2E11F25F67D0093B7FD /* Main.storyboard in Resources */,
			);
			runOnlyForDeploymentPostprocessing = 0;
		};
/* End PBXResourcesBuildPhase section */

/* Begin PBXSourcesBuildPhase section */
		C001F2CF1F25F67D0093B7FD /* Sources */ = {
			isa = PBXSourcesBuildPhase;
			buildActionMask = 2147483647;
			files = (
				C001F2DE1F25F67D0093B7FD /* ViewController.m in Sources */,
				C001F2EF1F2604890093B7FD /* UIScrollView+AssignToWeak.mm in Sources */,
				C001F2DB1F25F67D0093B7FD /* AppDelegate.m in Sources */,
				C001F2D81F25F67D0093B7FD /* main.m in Sources */,
			);
			runOnlyForDeploymentPostprocessing = 0;
		};
/* End PBXSourcesBuildPhase section */

/* Begin PBXVariantGroup section */
		C001F2DF1F25F67D0093B7FD /* Main.storyboard */ = {
			isa = PBXVariantGroup;
			children = (
				C001F2E01F25F67D0093B7FD /* Base */,
			);
			name = Main.storyboard;
			sourceTree = "<group>";
		};
		C001F2E41F25F67D0093B7FD /* LaunchScreen.storyboard */ = {
			isa = PBXVariantGroup;
			children = (
				C001F2E51F25F67D0093B7FD /* Base */,
			);
			name = LaunchScreen.storyboard;
			sourceTree = "<group>";
		};
/* End PBXVariantGroup section */

/* Begin XCBuildConfiguration section */
		C001F2E81F25F67D0093B7FD /* Debug */ = {
			isa = XCBuildConfiguration;
			buildSettings = {
				ALWAYS_SEARCH_USER_PATHS = NO;
				CLANG_ANALYZER_NONNULL = YES;
				CLANG_ANALYZER_NUMBER_OBJECT_CONVERSION = YES_AGGRESSIVE;
				CLANG_CXX_LANGUAGE_STANDARD = "gnu++0x";
				CLANG_CXX_LIBRARY = "libc++";
				CLANG_ENABLE_MODULES = YES;
				CLANG_ENABLE_OBJC_ARC = YES;
				CLANG_WARN_BOOL_CONVERSION = YES;
				CLANG_WARN_CONSTANT_CONVERSION = YES;
				CLANG_WARN_DIRECT_OBJC_ISA_USAGE = YES_ERROR;
				CLANG_WARN_DOCUMENTATION_COMMENTS = YES;
				CLANG_WARN_EMPTY_BODY = YES;
				CLANG_WARN_ENUM_CONVERSION = YES;
				CLANG_WARN_INFINITE_RECURSION = YES;
				CLANG_WARN_INT_CONVERSION = YES;
				CLANG_WARN_OBJC_ROOT_CLASS = YES_ERROR;
				CLANG_WARN_SUSPICIOUS_MOVE = YES;
				CLANG_WARN_UNREACHABLE_CODE = YES;
				CLANG_WARN__DUPLICATE_METHOD_MATCH = YES;
				"CODE_SIGN_IDENTITY[sdk=iphoneos*]" = "iPhone Developer";
				COPY_PHASE_STRIP = NO;
				DEBUG_INFORMATION_FORMAT = dwarf;
				ENABLE_STRICT_OBJC_MSGSEND = YES;
				ENABLE_TESTABILITY = YES;
				GCC_C_LANGUAGE_STANDARD = gnu99;
				GCC_DYNAMIC_NO_PIC = NO;
				GCC_NO_COMMON_BLOCKS = YES;
				GCC_OPTIMIZATION_LEVEL = 0;
				GCC_PREPROCESSOR_DEFINITIONS = (
					"DEBUG=1",
					"$(inherited)",
				);
				GCC_WARN_64_TO_32_BIT_CONVERSION = YES;
				GCC_WARN_ABOUT_RETURN_TYPE = YES_ERROR;
				GCC_WARN_UNDECLARED_SELECTOR = YES;
				GCC_WARN_UNINITIALIZED_AUTOS = YES_AGGRESSIVE;
				GCC_WARN_UNUSED_FUNCTION = YES;
				GCC_WARN_UNUSED_VARIABLE = YES;
				IPHONEOS_DEPLOYMENT_TARGET = 10.3;
				MTL_ENABLE_DEBUG_INFO = YES;
				ONLY_ACTIVE_ARCH = YES;
				SDKROOT = iphoneos;
				TARGETED_DEVICE_FAMILY = "1,2";
			};
			name = Debug;
		};
		C001F2E91F25F67D0093B7FD /* Release */ = {
			isa = XCBuildConfiguration;
			buildSettings = {
				ALWAYS_SEARCH_USER_PATHS = NO;
				CLANG_ANALYZER_NONNULL = YES;
				CLANG_ANALYZER_NUMBER_OBJECT_CONVERSION = YES_AGGRESSIVE;
				CLANG_CXX_LANGUAGE_STANDARD = "gnu++0x";
				CLANG_CXX_LIBRARY = "libc++";
				CLANG_ENABLE_MODULES = YES;
				CLANG_ENABLE_OBJC_ARC = YES;
				CLANG_WARN_BOOL_CONVERSION = YES;
				CLANG_WARN_CONSTANT_CONVERSION = YES;
				CLANG_WARN_DIRECT_OBJC_ISA_USAGE = YES_ERROR;
				CLANG_WARN_DOCUMENTATION_COMMENTS = YES;
				CLANG_WARN_EMPTY_BODY = YES;
				CLANG_WARN_ENUM_CONVERSION = YES;
				CLANG_WARN_INFINITE_RECURSION = YES;
				CLANG_WARN_INT_CONVERSION = YES;
				CLANG_WARN_OBJC_ROOT_CLASS = YES_ERROR;
				CLANG_WARN_SUSPICIOUS_MOVE = YES;
				CLANG_WARN_UNREACHABLE_CODE = YES;
				CLANG_WARN__DUPLICATE_METHOD_MATCH = YES;
				"CODE_SIGN_IDENTITY[sdk=iphoneos*]" = "iPhone Developer";
				COPY_PHASE_STRIP = NO;
				DEBUG_INFORMATION_FORMAT = "dwarf-with-dsym";
				ENABLE_NS_ASSERTIONS = NO;
				ENABLE_STRICT_OBJC_MSGSEND = YES;
				GCC_C_LANGUAGE_STANDARD = gnu99;
				GCC_NO_COMMON_BLOCKS = YES;
				GCC_WARN_64_TO_32_BIT_CONVERSION = YES;
				GCC_WARN_ABOUT_RETURN_TYPE = YES_ERROR;
				GCC_WARN_UNDECLARED_SELECTOR = YES;
				GCC_WARN_UNINITIALIZED_AUTOS = YES_AGGRESSIVE;
				GCC_WARN_UNUSED_FUNCTION = YES;
				GCC_WARN_UNUSED_VARIABLE = YES;
				IPHONEOS_DEPLOYMENT_TARGET = 10.3;
				MTL_ENABLE_DEBUG_INFO = NO;
				SDKROOT = iphoneos;
				TARGETED_DEVICE_FAMILY = "1,2";
				VALIDATE_PRODUCT = YES;
			};
			name = Release;
		};
		C001F2EB1F25F67D0093B7FD /* Debug */ = {
			isa = XCBuildConfiguration;
			buildSettings = {
				ASSETCATALOG_COMPILER_APPICON_NAME = AppIcon;
				INFOPLIST_FILE = MCAssignToWeak/Info.plist;
				IPHONEOS_DEPLOYMENT_TARGET = 8.0;
				LD_RUNPATH_SEARCH_PATHS = "$(inherited) @executable_path/Frameworks";
				PRODUCT_BUNDLE_IDENTIFIER = cn.mucang.demo.MCAssignToWeak;
				PRODUCT_NAME = "$(TARGET_NAME)";
			};
			name = Debug;
		};
		C001F2EC1F25F67D0093B7FD /* Release */ = {
			isa = XCBuildConfiguration;
			buildSettings = {
				ASSETCATALOG_COMPILER_APPICON_NAME = AppIcon;
				INFOPLIST_FILE = MCAssignToWeak/Info.plist;
				IPHONEOS_DEPLOYMENT_TARGET = 8.0;
				LD_RUNPATH_SEARCH_PATHS = "$(inherited) @executable_path/Frameworks";
				PRODUCT_BUNDLE_IDENTIFIER = cn.mucang.demo.MCAssignToWeak;
				PRODUCT_NAME = "$(TARGET_NAME)";
			};
			name = Release;
		};
/* End XCBuildConfiguration section */

/* Begin XCConfigurationList section */
		C001F2CE1F25F67D0093B7FD /* Build configuration list for PBXProject "MCAssignToWeak" */ = {
			isa = XCConfigurationList;
			buildConfigurations = (
				C001F2E81F25F67D0093B7FD /* Debug */,
				C001F2E91F25F67D0093B7FD /* Release */,
			);
			defaultConfigurationIsVisible = 0;
			defaultConfigurationName = Release;
		};
		C001F2EA1F25F67D0093B7FD /* Build configuration list for PBXNativeTarget "MCAssignToWeak" */ = {
			isa = XCConfigurationList;
			buildConfigurations = (
				C001F2EB1F25F67D0093B7FD /* Debug */,
				C001F2EC1F25F67D0093B7FD /* Release */,
			);
			defaultConfigurationIsVisible = 0;
			defaultConfigurationName = Release;
		};
/* End XCConfigurationList section */
	};
	rootObject = C001F2CB1F25F67D0093B7FD /* Project object */;
}
